# This file is autogenerated, do not edit; changes may be undone by the next 'dep ensure'.


[[projects]]
  name = "github.com/timtadh/lexmachine"
  packages = [".","frontend","inst","machines","queue"]
  revision = "2b4da623415beffcab7a8f85066e3ed8a4996c16"
  version = "v0.1.0"

[solve-meta]
  analyzer-name = "dep"
  analyzer-version = 1
  inputs-digest = "3641391bac43fa49345d2bcc52bcfeaf4060b7fa3ccdf621e8824dbdb30605a2"
  solver-name = "gps-cdcl"
  solver-version = 1
